
Microsoft Visual Studio Solution File, Format Version 12.00
# Visual Studio Version 16
VisualStudioVersion = 16.0.30717.126
MinimumVisualStudioVersion = 10.0.40219.1
Project("{FAE04EC0-301F-11D3-BF4B-00C04F79EFBC}") = "RedisCache", "RedisCache\RedisCache.csproj", "{F9002FD2-D7ED-4333-9F8F-A2B3A5389919}"
EndProject
Project("{FAE04EC0-301F-11D3-BF4B-00C04F79EFBC}") = "CacheTest", "CacheTest\CacheTest.csproj", "{5FD66CA4-C2DF-4337-B436-08500D7BCE9F}"
EndProject
Global
	GlobalSection(SolutionConfigurationPlatforms) = preSolution
		Debug|Any CPU = Debug|Any CPU
		Release|Any CPU = Release|Any CPU
	EndGlobalSection
	GlobalSection(ProjectConfigurationPlatforms) = postSolution
		{F9002FD2-D7ED-4333-9F8F-A2B3A5389919}.Debug|Any CPU.ActiveCfg = Debug|Any CPU
		{F9002FD2-D7ED-4333-9F8F-A2B3A5389919}.Debug|Any CPU.Build.0 = Debug|Any CPU
		{F9002FD2-D7ED-4333-9F8F-A2B3A5389919}.Release|Any CPU.ActiveCfg = Release|Any CPU
		{F9002FD2-D7ED-4333-9F8F-A2B3A5389919}.Release|Any CPU.Build.0 = Release|Any CPU
		{5FD66CA4-C2DF-4337-B436-08500D7BCE9F}.Debug|Any CPU.ActiveCfg = Debug|Any CPU
		{5FD66CA4-C2DF-4337-B436-08500D7BCE9F}.Debug|Any CPU.Build.0 = Debug|Any CPU
		{5FD66CA4-C2DF-4337-B436-08500D7BCE9F}.Release|Any CPU.ActiveCfg = Release|Any CPU
		{5FD66CA4-C2DF-4337-B436-08500D7BCE9F}.Release|Any CPU.Build.0 = Release|Any CPU
	EndGlobalSection
	GlobalSection(SolutionProperties) = preSolution
		HideSolutionNode = FALSE
	EndGlobalSection
	GlobalSection(ExtensibilityGlobals) = postSolution
		SolutionGuid = {00D74B0D-1B09-4C0E-9533-68C54DB07D1F}
	EndGlobalSection
EndGlobal
